
Microsoft Visual Studio Solution File, Format Version 12.00
# Visual Studio Version 17
VisualStudioVersion = 17.5.002.0
MinimumVisualStudioVersion = 10.0.40219.1
Project("{2150E333-8FDC-42A3-9474-1A3956D46DE8}") = "api", "api", "{7636249D-2610-454C-A8F6-C8A1E5924EC8}"
EndProject
Project("{9A19103F-16F7-4668-BE54-9A1E7A4F7556}") = "blog-app-api", "api\blog-app-api\blog-app-api.csproj", "{2E565B64-74B9-4CEF-BE5A-FD3BAE768CB8}"
EndProject
Global
	GlobalSection(SolutionConfigurationPlatforms) = preSolution
		Debug|Any CPU = Debug|Any CPU
		Release|Any CPU = Release|Any CPU
	EndGlobalSection
	GlobalSection(ProjectConfigurationPlatforms) = postSolution
		{2E565B64-74B9-4CEF-BE5A-FD3BAE768CB8}.Debug|Any CPU.ActiveCfg = Debug|Any CPU
		{2E565B64-74B9-4CEF-BE5A-FD3BAE768CB8}.Debug|Any CPU.Build.0 = Debug|Any CPU
		{2E565B64-74B9-4CEF-BE5A-FD3BAE768CB8}.Release|Any CPU.ActiveCfg = Release|Any CPU
		{2E565B64-74B9-4CEF-BE5A-FD3BAE768CB8}.Release|Any CPU.Build.0 = Release|Any CPU
	EndGlobalSection
	GlobalSection(SolutionProperties) = preSolution
		HideSolutionNode = FALSE
	EndGlobalSection
	GlobalSection(NestedProjects) = preSolution
		{2E565B64-74B9-4CEF-BE5A-FD3BAE768CB8} = {7636249D-2610-454C-A8F6-C8A1E5924EC8}
	EndGlobalSection
	GlobalSection(ExtensibilityGlobals) = postSolution
		SolutionGuid = {6BD30C07-F718-436C-9351-F21B1CC891D7}
	EndGlobalSection
EndGlobal
